
Microsoft Visual Studio Solution File, Format Version 12.00
# Visual Studio 15
VisualStudioVersion = 15.0.27428.2002
MinimumVisualStudioVersion = 10.0.40219.1
Project("{9A19103F-16F7-4668-BE54-9A1E7A4F7556}") = "Football.Stats.Service", "Football.Stats.Service\Football.Stats.Service.csproj", "{4D543A4B-2FAD-4FC3-950C-7A032011404D}"
EndProject
Project("{9A19103F-16F7-4668-BE54-9A1E7A4F7556}") = "Football.Stats.Web", "Football.Stats.Web\Football.Stats.Web.csproj", "{1301BAA3-DBFE-4250-9C2D-6D607956ED62}"
EndProject
Project("{FAE04EC0-301F-11D3-BF4B-00C04F79EFBC}") = "Football.Stats.Contracts", "Football.Stats.Contracts\Football.Stats.Contracts.csproj", "{50A9536F-7E38-4485-850B-5E7CEBA0EBB0}"
EndProject
Global
	GlobalSection(SolutionConfigurationPlatforms) = preSolution
		Debug|Any CPU = Debug|Any CPU
		Release|Any CPU = Release|Any CPU
	EndGlobalSection
	GlobalSection(ProjectConfigurationPlatforms) = postSolution
		{4D543A4B-2FAD-4FC3-950C-7A032011404D}.Debug|Any CPU.ActiveCfg = Debug|Any CPU
		{4D543A4B-2FAD-4FC3-950C-7A032011404D}.Debug|Any CPU.Build.0 = Debug|Any CPU
		{4D543A4B-2FAD-4FC3-950C-7A032011404D}.Release|Any CPU.ActiveCfg = Release|Any CPU
		{4D543A4B-2FAD-4FC3-950C-7A032011404D}.Release|Any CPU.Build.0 = Release|Any CPU
		{1301BAA3-DBFE-4250-9C2D-6D607956ED62}.Debug|Any CPU.ActiveCfg = Debug|Any CPU
		{1301BAA3-DBFE-4250-9C2D-6D607956ED62}.Debug|Any CPU.Build.0 = Debug|Any CPU
		{1301BAA3-DBFE-4250-9C2D-6D607956ED62}.Release|Any CPU.ActiveCfg = Release|Any CPU
		{1301BAA3-DBFE-4250-9C2D-6D607956ED62}.Release|Any CPU.Build.0 = Release|Any CPU
		{50A9536F-7E38-4485-850B-5E7CEBA0EBB0}.Debug|Any CPU.ActiveCfg = Debug|Any CPU
		{50A9536F-7E38-4485-850B-5E7CEBA0EBB0}.Debug|Any CPU.Build.0 = Debug|Any CPU
		{50A9536F-7E38-4485-850B-5E7CEBA0EBB0}.Release|Any CPU.ActiveCfg = Release|Any CPU
		{50A9536F-7E38-4485-850B-5E7CEBA0EBB0}.Release|Any CPU.Build.0 = Release|Any CPU
	EndGlobalSection
	GlobalSection(SolutionProperties) = preSolution
		HideSolutionNode = FALSE
	EndGlobalSection
	GlobalSection(ExtensibilityGlobals) = postSolution
		SolutionGuid = {09FBAF6B-F018-4E48-9B86-0C0FEC83F4BC}
	EndGlobalSection
EndGlobal
